
Microsoft Visual Studio Solution File, Format Version 12.00
# Visual Studio Version 17
VisualStudioVersion = 17.13.35806.99 d17.13
MinimumVisualStudioVersion = 10.0.40219.1
Project("{FAE04EC0-301F-11D3-BF4B-00C04F79EFBC}") = "EventEaseBookingSystem", "EventEaseBookingSystem\EventEaseBookingSystem.csproj", "{7D348206-571B-46BE-909B-62A280B24B8B}"
EndProject
Global
	GlobalSection(SolutionConfigurationPlatforms) = preSolution
		Debug|Any CPU = Debug|Any CPU
		Release|Any CPU = Release|Any CPU
	EndGlobalSection
	GlobalSection(ProjectConfigurationPlatforms) = postSolution
		{7D348206-571B-46BE-909B-62A280B24B8B}.Debug|Any CPU.ActiveCfg = Debug|Any CPU
		{7D348206-571B-46BE-909B-62A280B24B8B}.Debug|Any CPU.Build.0 = Debug|Any CPU
		{7D348206-571B-46BE-909B-62A280B24B8B}.Release|Any CPU.ActiveCfg = Release|Any CPU
		{7D348206-571B-46BE-909B-62A280B24B8B}.Release|Any CPU.Build.0 = Release|Any CPU
	EndGlobalSection
	GlobalSection(SolutionProperties) = preSolution
		HideSolutionNode = FALSE
	EndGlobalSection
	GlobalSection(ExtensibilityGlobals) = postSolution
		SolutionGuid = {17ECB269-540D-4D04-9041-291233161309}
	EndGlobalSection
EndGlobal
